{
    "_meta": {
        "hash": {
            "sha256": "28edf6b349b6a90db53034f7abc58e7151d5846e806b7aaf99692a7e11ff76bf"
        },
        "pipfile-spec": 6,
        "requires": {
            "python_version": "3.6"
        },
        "sources": [
            {
                "name": "pypi",
                "url": "https://pypi.org/simple",
                "verify_ssl": true
            }
        ]
    },
    "default": {
        "certifi": {
            "hashes": [
                "sha256:e4f3620cfea4f83eedc95b24abd9cd56f3c4b146dd0177e83a21b4eb49e21e50",
                "sha256:fd7c7c74727ddcf00e9acd26bba8da604ffec95bf1c2144e67aff7a8b50e6cef"
            ],
            "version": "==2019.9.11"
        },
        "chardet": {
            "hashes": [
                "sha256:84ab92ed1c4d4f16916e05906b6b75a6c0fb5db821cc65e70cbd64a3e2a5eaae",
                "sha256:fc323ffcaeaed0e0a02bf4d117757b98aed530d9ed4531e3e15460124c106691"
            ],
            "version": "==3.0.4"
        },
        "docutils": {
            "hashes": [
                "sha256:02aec4bd92ab067f6ff27a38a38a41173bf01bed8f89157768c1573f53e474a6",
                "sha256:51e64ef2ebfb29cae1faa133b3710143496eca21c530f3f71424d77687764274",
                "sha256:7a4bd47eaf6596e1295ecb11361139febe29b084a87bf005bf899f9a42edc3c6"
            ],
            "index": "pypi",
            "version": "==0.14"
        },
        "idna": {
            "hashes": [
                "sha256:c357b3f628cf53ae2c4c05627ecc484553142ca23264e593d327bcde5e9c3407",
                "sha256:ea8b7f6188e6fa117537c3df7da9fc686d485087abf6ac197f9c46432f7e4a3c"
            ],
            "version": "==2.8"
        },
        "kivy": {
            "hashes": [
                "sha256:11e60c5d2b3ec206b4c6345b821cd2bcbef76c004335fe55cdf3785c1a20e792",
                "sha256:28c180fd5e4538858f0d2b3dde53c123d3a898d3ac7fba512bf3b83d0dfc248d",
                "sha256:5385b4668e045ca25392db5ec29e356bfb76938485c0f19a602e9a0e548164ae",
                "sha256:92e22cc5e865aa2dba663e5bc3928a49d137030722295c0ee6648d1807fb6a73",
                "sha256:9cee64cc95bbd619941f8c95816d76798797b5d2d2fb16fdf3dab63827e5c65c",
                "sha256:b1b072bc8ed7158b280b786548ea050235d4ddd5989eb1503372f2043cd883c5",
                "sha256:b924f8b37bb7dbdd4ea2dcc84ca04900b75da69f89a0cbe8af1d21e75553be41",
                "sha256:cdc2401d88f1d8a689cdb4f72f77327665a9e4921252df6642418be05c94b20e",
                "sha256:f87b49b72beed3942723e3dc8d46844a1b600bfdb0c160c35f8a699fa57e6c53"
            ],
            "index": "pypi",
            "version": "==1.10.0"
        },
        "kivy-garden": {
            "hashes": [
                "sha256:c256f42788421273a08fbb0a228f0fb0e80dd86b629fb8c0920507f645be6c72"
            ],
            "version": "==0.1.4"
        },
        "kivy.deps.glew": {
            "hashes": [
                "sha256:1e28e40017af9d081fc0fc95b4fadaf31d15e9f63478dcee1c4257d67079894e",
                "sha256:45aa7f0e8d9bcf5fc1810c9c38bc20edf7dee61df81ecf62102e0f84153f924a",
                "sha256:6bb435620c3187d2c61054adb9ec277ed487256b457a0a7b1491bc0cb7247e18",
                "sha256:92e72fa2c425887987d1aa861c99537033dc20d68ae1c54864871f0401682586",
                "sha256:ab81783a82bef88a8d2bcf8a93bc21df6b8b0db6ee551eb802727d18f9074b17",
                "sha256:c843104690c0c8f3a58105c53c57f31506f6f90562c18de00bd19317cc1045a7",
                "sha256:ee8ab67abb2c98d84feede657cae472e7723e529af07394244bdd33caafb1a38",
                "sha256:ef1116d99bd9cc737cb8c0e13e676955c17d6e4d6d1af5cfccef089a430071bb"
            ],
            "index": "pypi",
            "version": "==0.1.12"
        },
        "kivy.deps.gstreamer": {
            "hashes": [
                "sha256:0d9598d2d31c0e780adf4b767fa3a691123621fd0ffef94b83cf82c2da84341b",
                "sha256:309eca64dee5939f16f8465e5cbb08bdde7c90ded1af6a00690c7e928326af79",
                "sha256:4d996377111e854b3dea90846f9b2f98766a44529fd8b72125e18c552381d928",
                "sha256:4f2ddd61d185310258d338ae80a646df7822efdd7d67e57f49dc7b87555c5d7e",
                "sha256:6fa9f76afe600baa221abee31ce7dc63e653d0affe0f6c558bfc4f35af96396f",
                "sha256:739cd331b9f33a822d700273674a79a3157054e9358a01a0d553f094a5f4a8c9",
                "sha256:c29cfc63fe70a58dad889e631f1ba4711c9ea80103f2b2b8d670a97f093076c8",
                "sha256:c4709765e2b17c6c96b46a92207b0457def147544d825654077603eaf0d424de"
            ],
            "index": "pypi",
            "version": "==0.1.17"
        },
        "kivy.deps.sdl2": {
            "hashes": [
                "sha256:053f26e8c05d5545bdbc7eeb8c450b8e4410ee355792e9345af536110fe247e2",
                "sha256:1b987bdd4fbbcb31baf0d7fc9584ad99912179b8968311bb7e30fbeb14e98e0d",
                "sha256:228128cdd8112dc7505ac43027a770476e9ef282e0b84ca68037133cd025960b",
                "sha256:2c2fd5a12a7a9afe3bb962b273561099a180edae91bb9c8f8386b72253fcae4a",
                "sha256:5ce23f1a3286d6288751a12b0eaefd02f947ea101bb807e9781b964e496fc3f3",
                "sha256:7928746eaed51944c10d1bb36fcefebe3d1aff1b97ba32359c2c97ba74707e1b",
                "sha256:96e1fa89fd8b5351f2d3c26bbffd50df8d554b03fba4025ecc941d773d241698",
                "sha256:c3ace0ddde0e59cdcaf260eda1daa0c05ca9bf8cd0c4ea404539de25a5dcaec7"
            ],
            "index": "pypi",
            "version": "==0.1.22"
        },
        "mido": {
            "hashes": [
                "sha256:35142874d4521dc5fcebcdc3a645df87cb0ecad129dd031cbca391e2d052313f",
                "sha256:64b9d1595da8f319bff2eb866f9181257d3670a7803f7e38415f22c03a577560"
            ],
            "index": "pypi",
            "version": "==1.2.8"
        },
        "pillow": {
            "hashes": [
                "sha256:00fdeb23820f30e43bba78eb9abb00b7a937a655de7760b2e09101d63708b64e",
                "sha256:01f948e8220c85eae1aa1a7f8edddcec193918f933fb07aaebe0bfbbcffefbf1",
                "sha256:08abf39948d4b5017a137be58f1a52b7101700431f0777bec3d897c3949f74e6",
                "sha256:099a61618b145ecb50c6f279666bbc398e189b8bc97544ae32b8fcb49ad6b830",
                "sha256:2c1c61546e73de62747e65807d2cc4980c395d4c5600ecb1f47a650c6fa78c79",
                "sha256:2ed9c4f694861642401f27dc3cb99772be67cd190e84845c749dae0a06c3bfae",
                "sha256:338581b30b908e111be578f0297255f6b57a51358cd16fa0e6f664c9a1f88bff",
                "sha256:38c7d48a21cd06fdeee93987147b9b1c55b73b4cfcbf83240568bfbd5adee447",
                "sha256:43fd026f613c8e48a25eba1a92f4d2ad7f3903c95d8c33a11611a7717d2ab654",
                "sha256:4548236844327a718ce3bb182ab32a16fa2050c61e334e959f554cac052fb0df",
                "sha256:5090857876c58885cfa388dc649e5db30aae98a068c26f3fd0ac9d7d9a4d9572",
                "sha256:5bbba34f97a26a93f5e8dec469ca4ddd712451418add43da946dbaed7f7a98d2",
                "sha256:65a28969a025a0eb4594637b6103201dc4ed2a9508bdab56ac33e43e3081c404",
                "sha256:892bb52b70bd5ea9dbbc3ac44f38e84f5a04e9d8b1bff48159d96cb795b81159",
                "sha256:8a9becd5cbd5062f973bcd2e7bc79483af310222de112b6541f8af1f93a3cc42",
                "sha256:972a7aaeb7c4a2795b52eef52ee991ef040b31009f36deca6207a986607b55f3",
                "sha256:97b119c436bfa96a92ac2ca525f7025836d4d4e64b1c9f9eff8dbaf3ff1d86f3",
                "sha256:9ba37698e242223f8053cc158f130aee046a96feacbeab65893dbe94f5530118",
                "sha256:b1b0e1f626a0f079c0d3696db70132fb1f29aa87c66aecb6501a9b8be64ce9f7",
                "sha256:c14c1224fd1a5be2733530d648a316974dbbb3c946913562c6005a76f21ca042",
                "sha256:c79a8546c48ae6465189e54e3245a97ddf21161e33ff7eaa42787353417bb2b6",
                "sha256:ceb76935ac4ebdf6d7bc845482a4450b284c6ccfb281e34da51d510658ab34d8",
                "sha256:e22bffaad04b4d16e1c091baed7f2733fc1ebb91e0c602abf1b6834d17158b1f",
                "sha256:ec883b8e44d877bda6f94a36313a1c6063f8b1997aa091628ae2f34c7f97c8d5",
                "sha256:f1baa54d50ec031d1a9beb89974108f8f2c0706f49798f4777df879df0e1adb6",
                "sha256:f53a5385932cda1e2c862d89460992911a89768c65d176ff8c50cddca4d29bed"
            ],
            "index": "pypi",
            "version": "==6.2.0"
        },
        "pygments": {
            "hashes": [
                "sha256:78f3f434bcc5d6ee09020f92ba487f95ba50f1e3ef83ae96b9d5ffa1bab25c5d",
                "sha256:dbae1046def0efb574852fab9e90209b23f556367b5a320c0bcb871c77c3e8cc"
            ],
            "index": "pypi",
            "version": "==2.2.0"
        },
        "pyperclip": {
            "hashes": [
                "sha256:43496f0a1f363a5ecfc4cda5eba6a2a3d5056fe6c7ffb9a99fbb1c5a3c7dea05"
            ],
            "index": "pypi",
            "version": "==1.6.2"
        },
        "pypiwin32": {
            "hashes": [
                "sha256:67adf399debc1d5d14dffc1ab5acacb800da569754fafdc576b2a039485aa775",
                "sha256:71be40c1fbd28594214ecaecb58e7aa8b708eabfa0125c8a109ebd51edbd776a"
            ],
            "index": "pypi",
            "version": "==223"
        },
        "pywin32": {
            "hashes": [
                "sha256:0443e9bb196e72480f50cbddc2cf98fbb858a77d02e281ba79489ea3287b36e9",
                "sha256:09bbe7cdb29eb40ab2e83f7a232eeeedde864be7a0622b70a90f456aad07a234",
                "sha256:0d8e0f47808798d320c983574c36c49db642678902933a210edd40157d206fd0",
                "sha256:0db7c9f4b93528afd080d35912a60be2f86a1d6c49c0a9cf9cedd106eed81ea3",
                "sha256:749e590875051661ecefbd9dfa957a485016de0f25e43f5e70f888ef1e29587b",
                "sha256:779d3e9d4b934f2445d2920c3941416d99af72eb7f7fd57a63576cc8aa540ad6",
                "sha256:7c89d2c11a31c7aaa16dc4d25054d7e0e99d6f6b24193cf62c83850484658c87",
                "sha256:81f7732b662c46274d7d8c411c905d53e71999cba95457a0686467c3ebc745ca",
                "sha256:9db1fb8830bfa99c5bfd335d4482c14db5c6f5028db3b006787ef4200206242b",
                "sha256:bd8d04835db28646d9e07fd0ab7c7b18bd90e89dfdc559e60389179495ef30da",
                "sha256:fc6822a68afd79e97b015985dd455767c72009b81bcd18957068626c43f11e75",
                "sha256:fe6cfc2045931866417740b575231c7e12d69d481643be1493487ad53b089959"
            ],
            "version": "==225"
        },
        "requests": {
            "hashes": [
                "sha256:11e007a8a2aa0323f5a921e9e6a2d7e4e67d9877e85773fba9ba6419025cbeb4",
                "sha256:9cf5292fcd0f598c671cfc1e0d7d1a7f13bb8085e9a590f48c010551dc6c4b31"
            ],
            "version": "==2.22.0"
        },
        "urllib3": {
            "hashes": [
                "sha256:3de946ffbed6e6746608990594d08faac602528ac7015ac28d33cee6a45b7398",
                "sha256:9a107b99a5393caf59c7aa3c1249c16e6879447533d0887f4336dde834c7be86"
            ],
            "version": "==1.25.6"
        }
    },
    "develop": {}
}
